
Microsoft Visual Studio Solution File, Format Version 12.00
# Visual Studio 15
VisualStudioVersion = 15.0.27130.2027
MinimumVisualStudioVersion = 10.0.40219.1
Project("{FAE04EC0-301F-11D3-BF4B-00C04F79EFBC}") = "FluentConsoleApplication", "FluentConsoleApplication.csproj", "{1848198C-B83E-4BC2-831D-E14632DE0561}"
EndProject
Project("{FAE04EC0-301F-11D3-BF4B-00C04F79EFBC}") = "FluentConsoleApplication.Tests", "..\FluentConsoleApplication.Tests\FluentConsoleApplication.Tests.csproj", "{04DC2BE1-380F-457B-BF15-6066716BD45A}"
EndProject
Project("{FAE04EC0-301F-11D3-BF4B-00C04F79EFBC}") = "FluentConsoleApplication.NuGet", "..\FluentConsoleApplication.NuGet\FluentConsoleApplication.NuGet.csproj", "{AEA3D3AD-56C4-4811-806B-DE563E248138}"
EndProject
Global
	GlobalSection(SolutionConfigurationPlatforms) = preSolution
		Debug|Any CPU = Debug|Any CPU
		Release|Any CPU = Release|Any CPU
	EndGlobalSection
	GlobalSection(ProjectConfigurationPlatforms) = postSolution
		{1848198C-B83E-4BC2-831D-E14632DE0561}.Debug|Any CPU.ActiveCfg = Debug|Any CPU
		{1848198C-B83E-4BC2-831D-E14632DE0561}.Debug|Any CPU.Build.0 = Debug|Any CPU
		{1848198C-B83E-4BC2-831D-E14632DE0561}.Release|Any CPU.ActiveCfg = Release|Any CPU
		{1848198C-B83E-4BC2-831D-E14632DE0561}.Release|Any CPU.Build.0 = Release|Any CPU
		{04DC2BE1-380F-457B-BF15-6066716BD45A}.Debug|Any CPU.ActiveCfg = Debug|Any CPU
		{04DC2BE1-380F-457B-BF15-6066716BD45A}.Debug|Any CPU.Build.0 = Debug|Any CPU
		{04DC2BE1-380F-457B-BF15-6066716BD45A}.Release|Any CPU.ActiveCfg = Release|Any CPU
		{AEA3D3AD-56C4-4811-806B-DE563E248138}.Debug|Any CPU.ActiveCfg = Debug|Any CPU
		{AEA3D3AD-56C4-4811-806B-DE563E248138}.Debug|Any CPU.Build.0 = Debug|Any CPU
		{AEA3D3AD-56C4-4811-806B-DE563E248138}.Release|Any CPU.ActiveCfg = Release|Any CPU
		{AEA3D3AD-56C4-4811-806B-DE563E248138}.Release|Any CPU.Build.0 = Release|Any CPU
	EndGlobalSection
	GlobalSection(SolutionProperties) = preSolution
		HideSolutionNode = FALSE
	EndGlobalSection
	GlobalSection(ExtensibilityGlobals) = postSolution
		SolutionGuid = {6A6DC42E-BD61-4A58-B5B7-A5790F5A3F5A}
	EndGlobalSection
EndGlobal
